{
  "name": "sortable",
  "version": "1.0.0",
  "lockfileVersion": 3,
  "requires": true,
  "packages": {
    "": {
      "name": "sortable",
      "version": "1.0.0",
      "license": "ISC",
      "dependencies": {
        "@kakasoo/deep-strict-types": "^1.0.1",
        "@kakasoo/proto-typescript": "^1.28.7"
      },
      "devDependencies": {
        "typescript": "^5.7.2"
      }
    },
    "node_modules/@kakasoo/deep-strict-types": {
      "version": "1.0.1",
      "resolved": "https://registry.npmjs.org/@kakasoo/deep-strict-types/-/deep-strict-types-1.0.1.tgz",
      "integrity": "sha512-7o+xx/YYcsBpW519yjWbVdrZvxsaIdu7nAOcwrYhm0hK+HEpXutd8sxVh6+i6xs7kfgwI4vA4OAyft6oa8Dt4w==",
      "license": "ISC"
    },
    "node_modules/@kakasoo/proto-typescript": {
      "version": "1.28.7",
      "resolved": "https://registry.npmjs.org/@kakasoo/proto-typescript/-/proto-typescript-1.28.7.tgz",
      "integrity": "sha512-RoYrNS7sfZA1yawUgZSSvVfeJajO5fwoO7/aNG3Y51gN0rqKqj3IjE5+oPslrQ2/DhGdkbDhNlc+VsTubqK5JA==",
      "license": "ISC"
    },
    "node_modules/typescript": {
      "version": "5.7.2",
      "resolved": "https://registry.npmjs.org/typescript/-/typescript-5.7.2.tgz",
      "integrity": "sha512-i5t66RHxDvVN40HfDd1PsEThGNnlMCMT3jMUuoh9/0TaqWevNontacunWyN02LA9/fIbEWlcHZcgTKb9QoaLfg==",
      "dev": true,
      "license": "Apache-2.0",
      "bin": {
        "tsc": "bin/tsc",
        "tsserver": "bin/tsserver"
      },
      "engines": {
        "node": ">=14.17"
      }
    }
  }
}
